
Microsoft Visual Studio Solution File, Format Version 12.00
# Visual Studio Version 17
VisualStudioVersion = 17.3.32922.545
MinimumVisualStudioVersion = 10.0.40219.1
Project("{FAE04EC0-301F-11D3-BF4B-00C04F79EFBC}") = "everydaynik", "everydaynik\everydaynik.csproj", "{72ADC826-B282-4A81-8309-43F0F0D42022}"
EndProject
Global
	GlobalSection(SolutionConfigurationPlatforms) = preSolution
		Debug|Any CPU = Debug|Any CPU
		Release|Any CPU = Release|Any CPU
	EndGlobalSection
	GlobalSection(ProjectConfigurationPlatforms) = postSolution
		{72ADC826-B282-4A81-8309-43F0F0D42022}.Debug|Any CPU.ActiveCfg = Debug|Any CPU
		{72ADC826-B282-4A81-8309-43F0F0D42022}.Debug|Any CPU.Build.0 = Debug|Any CPU
		{72ADC826-B282-4A81-8309-43F0F0D42022}.Release|Any CPU.ActiveCfg = Release|Any CPU
		{72ADC826-B282-4A81-8309-43F0F0D42022}.Release|Any CPU.Build.0 = Release|Any CPU
	EndGlobalSection
	GlobalSection(SolutionProperties) = preSolution
		HideSolutionNode = FALSE
	EndGlobalSection
	GlobalSection(ExtensibilityGlobals) = postSolution
		SolutionGuid = {97028B1B-8103-4486-8EE8-268072370283}
	EndGlobalSection
EndGlobal
